{"1.1.0",
[{<<"elli">>,
  {git,"git://github.com/knutin/elli.git",
       {ref,"995be6243964cbffd0e83c16f84918f805d58aae"}},
  0},
 {<<"epmd">>,
  {git,"https://github.com/erlang/epmd.git",
       {ref,"4d1a595b9d5c32fc0e55f462da381de62de23bf0"}},
  0},
 {<<"mapz">>,{pkg,<<"mapz">>,<<"0.3.0">>},1}]}.
[
{pkg_hash,[
 {<<"mapz">>, <<"438D24746CE5A252101E00B2032EFDF7FC69EB32689D3B805DE5E6DD7F52614F">>}]}
].
